
Microsoft Visual Studio Solution File, Format Version 12.00
# Visual Studio Version 16
VisualStudioVersion = 16.0.29503.13
MinimumVisualStudioVersion = 10.0.40219.1
Project("{FAE04EC0-301F-11D3-BF4B-00C04F79EFBC}") = "csh6lab", "csh6lab\csh6lab.csproj", "{62D59D45-B021-49DB-8522-B20DF2704D48}"
EndProject
Global
	GlobalSection(SolutionConfigurationPlatforms) = preSolution
		Debug|Any CPU = Debug|Any CPU
		Release|Any CPU = Release|Any CPU
	EndGlobalSection
	GlobalSection(ProjectConfigurationPlatforms) = postSolution
		{62D59D45-B021-49DB-8522-B20DF2704D48}.Debug|Any CPU.ActiveCfg = Debug|Any CPU
		{62D59D45-B021-49DB-8522-B20DF2704D48}.Debug|Any CPU.Build.0 = Debug|Any CPU
		{62D59D45-B021-49DB-8522-B20DF2704D48}.Release|Any CPU.ActiveCfg = Release|Any CPU
		{62D59D45-B021-49DB-8522-B20DF2704D48}.Release|Any CPU.Build.0 = Release|Any CPU
	EndGlobalSection
	GlobalSection(SolutionProperties) = preSolution
		HideSolutionNode = FALSE
	EndGlobalSection
	GlobalSection(ExtensibilityGlobals) = postSolution
		SolutionGuid = {DCA583B6-739C-4E11-8920-3AE5625A2198}
	EndGlobalSection
EndGlobal
